
Microsoft Visual Studio Solution File, Format Version 12.00
# Visual Studio 15
VisualStudioVersion = 15.0.26228.16
MinimumVisualStudioVersion = 10.0.40219.1
Project("{FAE04EC0-301F-11D3-BF4B-00C04F79EFBC}") = "Asmx2WebApiFixer", "Asmx2WebApiFixer\Asmx2WebApiFixer\Asmx2WebApiFixer.csproj", "{E3D08992-8118-4350-9474-ABA105251DA6}"
EndProject
Project("{FAE04EC0-301F-11D3-BF4B-00C04F79EFBC}") = "Asmx2WebApiFixer.Test", "Asmx2WebApiFixer\Asmx2WebApiFixer.Test\Asmx2WebApiFixer.Test.csproj", "{97868D61-86BB-40B1-BF50-D1EB10A14BAA}"
EndProject
Project("{FAE04EC0-301F-11D3-BF4B-00C04F79EFBC}") = "Asmx2WebApiFixer.Vsix", "Asmx2WebApiFixer\Asmx2WebApiFixer.Vsix\Asmx2WebApiFixer.Vsix.csproj", "{0F099E5C-A5F1-4973-9638-66701471C636}"
EndProject
Global
	GlobalSection(SolutionConfigurationPlatforms) = preSolution
		Debug|Any CPU = Debug|Any CPU
		Release|Any CPU = Release|Any CPU
	EndGlobalSection
	GlobalSection(ProjectConfigurationPlatforms) = postSolution
		{E3D08992-8118-4350-9474-ABA105251DA6}.Debug|Any CPU.ActiveCfg = Debug|Any CPU
		{E3D08992-8118-4350-9474-ABA105251DA6}.Debug|Any CPU.Build.0 = Debug|Any CPU
		{E3D08992-8118-4350-9474-ABA105251DA6}.Release|Any CPU.ActiveCfg = Release|Any CPU
		{E3D08992-8118-4350-9474-ABA105251DA6}.Release|Any CPU.Build.0 = Release|Any CPU
		{97868D61-86BB-40B1-BF50-D1EB10A14BAA}.Debug|Any CPU.ActiveCfg = Debug|Any CPU
		{97868D61-86BB-40B1-BF50-D1EB10A14BAA}.Debug|Any CPU.Build.0 = Debug|Any CPU
		{97868D61-86BB-40B1-BF50-D1EB10A14BAA}.Release|Any CPU.ActiveCfg = Release|Any CPU
		{97868D61-86BB-40B1-BF50-D1EB10A14BAA}.Release|Any CPU.Build.0 = Release|Any CPU
		{0F099E5C-A5F1-4973-9638-66701471C636}.Debug|Any CPU.ActiveCfg = Debug|Any CPU
		{0F099E5C-A5F1-4973-9638-66701471C636}.Debug|Any CPU.Build.0 = Debug|Any CPU
		{0F099E5C-A5F1-4973-9638-66701471C636}.Release|Any CPU.ActiveCfg = Release|Any CPU
		{0F099E5C-A5F1-4973-9638-66701471C636}.Release|Any CPU.Build.0 = Release|Any CPU
	EndGlobalSection
	GlobalSection(SolutionProperties) = preSolution
		HideSolutionNode = FALSE
	EndGlobalSection
EndGlobal
